Microsoft Visual Studio Solution File, Format Version 12.00
# Visual Studio Version 17
VisualStudioVersion = 17.5.2.0
MinimumVisualStudioVersion = 10.0.40219.1
Project("{FAE04EC0-301F-11D3-BF4B-00C04F79EFBC}") = "projetoHeranca", "projetoHeranca.csproj", "{08511002-73B9-C0DC-C2B8-C9577468EE4E}"
EndProject
Global
	GlobalSection(SolutionConfigurationPlatforms) = preSolution
		Debug|Any CPU = Debug|Any CPU
		Release|Any CPU = Release|Any CPU
	EndGlobalSection
	GlobalSection(ProjectConfigurationPlatforms) = postSolution
		{08511002-73B9-C0DC-C2B8-C9577468EE4E}.Debug|Any CPU.ActiveCfg = Debug|Any CPU
		{08511002-73B9-C0DC-C2B8-C9577468EE4E}.Debug|Any CPU.Build.0 = Debug|Any CPU
		{08511002-73B9-C0DC-C2B8-C9577468EE4E}.Release|Any CPU.ActiveCfg = Release|Any CPU
		{08511002-73B9-C0DC-C2B8-C9577468EE4E}.Release|Any CPU.Build.0 = Release|Any CPU
	EndGlobalSection
	GlobalSection(SolutionProperties) = preSolution
		HideSolutionNode = FALSE
	EndGlobalSection
	GlobalSection(ExtensibilityGlobals) = postSolution
		SolutionGuid = {FCFA4D05-2B8F-417F-9EE0-80A2A021979F}
	EndGlobalSection
EndGlobal
